
Microsoft Visual Studio Solution File, Format Version 12.00
# Visual Studio Version 17
VisualStudioVersion = 17.7.34202.233
MinimumVisualStudioVersion = 10.0.40219.1
Project("{9A19103F-16F7-4668-BE54-9A1E7A4F7556}") = "Domain", "Src\Core\Domain\Entitys\Domain.csproj", "{85FF4477-8116-45E1-836D-C0452DD76EF9}"
EndProject
Project("{9A19103F-16F7-4668-BE54-9A1E7A4F7556}") = "API", "Src\View\API\API.csproj", "{7DDE7A6A-0A5B-4620-B63D-1C5D3F4CD578}"
EndProject
Project("{9A19103F-16F7-4668-BE54-9A1E7A4F7556}") = "DAL", "Src\Infrastrictire\Persistence\DataAcsesLayer\DAL.csproj", "{F792ED98-4A24-4E50-B3E0-08DDBCFCFBCB}"
EndProject
Project("{9A19103F-16F7-4668-BE54-9A1E7A4F7556}") = "GraphQl", "Src\Infrastrictire\Infrastructure\GraphQl\GraphQl.csproj", "{38185656-31EA-4BD5-BD9D-EF471CF0A128}"
EndProject
Project("{2150E333-8FDC-42A3-9474-1A3956D46DE8}") = "Src", "Src", "{1FF7DF85-C548-4F4B-BC28-166A713E3C05}"
EndProject
Project("{2150E333-8FDC-42A3-9474-1A3956D46DE8}") = "Core", "Core", "{06F759AB-C7EA-4E3B-90F3-74FBEBF034F2}"
EndProject
Project("{2150E333-8FDC-42A3-9474-1A3956D46DE8}") = "App", "App", "{510223F2-CD91-492F-A249-C165223807A1}"
EndProject
Project("{9A19103F-16F7-4668-BE54-9A1E7A4F7556}") = "App", "Src\Core\App\App.csproj", "{AC3E1C57-C165-4C43-9FD1-EDAE95668B0C}"
EndProject
Project("{2150E333-8FDC-42A3-9474-1A3956D46DE8}") = "Common", "Common", "{90062B38-8358-4ECE-9D41-7CB760C5D872}"
EndProject
Project("{2150E333-8FDC-42A3-9474-1A3956D46DE8}") = "Infrastrictire", "Infrastrictire", "{4E6F7CA4-532B-400B-B069-B70B2DAC4957}"
EndProject
Project("{2150E333-8FDC-42A3-9474-1A3956D46DE8}") = "Infrastructure", "Infrastructure", "{E311C908-EE4E-4C95-BFE1-FE17AD5DE1C4}"
EndProject
Project("{9A19103F-16F7-4668-BE54-9A1E7A4F7556}") = "Authorise", "Src\Infrastrictire\Infrastructure\Authorise\Authorise.csproj", "{B7D307AD-2C1C-4A0A-9F42-5B8009CFA371}"
EndProject
Project("{2150E333-8FDC-42A3-9474-1A3956D46DE8}") = "ISTUTimeTable.TokensTests", "ISTUTimeTable.TokensTests", "{9E7045AD-7419-4979-BD10-4E031BE4285B}"
EndProject
Project("{9A19103F-16F7-4668-BE54-9A1E7A4F7556}") = "ApiTests", "Tests\ApiTests\ApiTests.csproj", "{E736239D-BCEF-42E8-A3A7-2EE8CC316D2A}"
EndProject
Project("{9A19103F-16F7-4668-BE54-9A1E7A4F7556}") = "Common", "Src\Core\Common\Common.csproj", "{52498A4B-4618-4D1B-B116-37E05A34363D}"
EndProject
Project("{2150E333-8FDC-42A3-9474-1A3956D46DE8}") = "View", "View", "{99EC18B4-2B48-43DD-8DEE-5C5054087083}"
EndProject
Project("{2150E333-8FDC-42A3-9474-1A3956D46DE8}") = "Persistense", "Persistense", "{50E6D01F-EA87-4A0B-9A6C-82042EC5DDB8}"
EndProject
Project("{2150E333-8FDC-42A3-9474-1A3956D46DE8}") = "Domain", "Domain", "{EDA9A50E-CBF3-4A59-A5C0-3600002B0169}"
EndProject
Global
	GlobalSection(SolutionConfigurationPlatforms) = preSolution
		Debug|Any CPU = Debug|Any CPU
		Release|Any CPU = Release|Any CPU
	EndGlobalSection
	GlobalSection(ProjectConfigurationPlatforms) = postSolution
		{85FF4477-8116-45E1-836D-C0452DD76EF9}.Debug|Any CPU.ActiveCfg = Debug|Any CPU
		{85FF4477-8116-45E1-836D-C0452DD76EF9}.Debug|Any CPU.Build.0 = Debug|Any CPU
		{85FF4477-8116-45E1-836D-C0452DD76EF9}.Release|Any CPU.ActiveCfg = Release|Any CPU
		{85FF4477-8116-45E1-836D-C0452DD76EF9}.Release|Any CPU.Build.0 = Release|Any CPU
		{7DDE7A6A-0A5B-4620-B63D-1C5D3F4CD578}.Debug|Any CPU.ActiveCfg = Debug|Any CPU
		{7DDE7A6A-0A5B-4620-B63D-1C5D3F4CD578}.Debug|Any CPU.Build.0 = Debug|Any CPU
		{7DDE7A6A-0A5B-4620-B63D-1C5D3F4CD578}.Release|Any CPU.ActiveCfg = Release|Any CPU
		{7DDE7A6A-0A5B-4620-B63D-1C5D3F4CD578}.Release|Any CPU.Build.0 = Release|Any CPU
		{F792ED98-4A24-4E50-B3E0-08DDBCFCFBCB}.Debug|Any CPU.ActiveCfg = Debug|Any CPU
		{F792ED98-4A24-4E50-B3E0-08DDBCFCFBCB}.Debug|Any CPU.Build.0 = Debug|Any CPU
		{F792ED98-4A24-4E50-B3E0-08DDBCFCFBCB}.Release|Any CPU.ActiveCfg = Release|Any CPU
		{F792ED98-4A24-4E50-B3E0-08DDBCFCFBCB}.Release|Any CPU.Build.0 = Release|Any CPU
		{38185656-31EA-4BD5-BD9D-EF471CF0A128}.Debug|Any CPU.ActiveCfg = Debug|Any CPU
		{38185656-31EA-4BD5-BD9D-EF471CF0A128}.Debug|Any CPU.Build.0 = Debug|Any CPU
		{38185656-31EA-4BD5-BD9D-EF471CF0A128}.Release|Any CPU.ActiveCfg = Release|Any CPU
		{38185656-31EA-4BD5-BD9D-EF471CF0A128}.Release|Any CPU.Build.0 = Release|Any CPU
		{AC3E1C57-C165-4C43-9FD1-EDAE95668B0C}.Debug|Any CPU.ActiveCfg = Debug|Any CPU
		{AC3E1C57-C165-4C43-9FD1-EDAE95668B0C}.Debug|Any CPU.Build.0 = Debug|Any CPU
		{AC3E1C57-C165-4C43-9FD1-EDAE95668B0C}.Release|Any CPU.ActiveCfg = Release|Any CPU
		{AC3E1C57-C165-4C43-9FD1-EDAE95668B0C}.Release|Any CPU.Build.0 = Release|Any CPU
		{B7D307AD-2C1C-4A0A-9F42-5B8009CFA371}.Debug|Any CPU.ActiveCfg = Debug|Any CPU
		{B7D307AD-2C1C-4A0A-9F42-5B8009CFA371}.Debug|Any CPU.Build.0 = Debug|Any CPU
		{B7D307AD-2C1C-4A0A-9F42-5B8009CFA371}.Release|Any CPU.ActiveCfg = Release|Any CPU
		{B7D307AD-2C1C-4A0A-9F42-5B8009CFA371}.Release|Any CPU.Build.0 = Release|Any CPU
		{E736239D-BCEF-42E8-A3A7-2EE8CC316D2A}.Debug|Any CPU.ActiveCfg = Debug|Any CPU
		{E736239D-BCEF-42E8-A3A7-2EE8CC316D2A}.Debug|Any CPU.Build.0 = Debug|Any CPU
		{E736239D-BCEF-42E8-A3A7-2EE8CC316D2A}.Release|Any CPU.ActiveCfg = Release|Any CPU
		{E736239D-BCEF-42E8-A3A7-2EE8CC316D2A}.Release|Any CPU.Build.0 = Release|Any CPU
		{52498A4B-4618-4D1B-B116-37E05A34363D}.Debug|Any CPU.ActiveCfg = Debug|Any CPU
		{52498A4B-4618-4D1B-B116-37E05A34363D}.Debug|Any CPU.Build.0 = Debug|Any CPU
		{52498A4B-4618-4D1B-B116-37E05A34363D}.Release|Any CPU.ActiveCfg = Release|Any CPU
		{52498A4B-4618-4D1B-B116-37E05A34363D}.Release|Any CPU.Build.0 = Release|Any CPU
	EndGlobalSection
	GlobalSection(SolutionProperties) = preSolution
		HideSolutionNode = FALSE
	EndGlobalSection
	GlobalSection(NestedProjects) = preSolution
		{85FF4477-8116-45E1-836D-C0452DD76EF9} = {EDA9A50E-CBF3-4A59-A5C0-3600002B0169}
		{7DDE7A6A-0A5B-4620-B63D-1C5D3F4CD578} = {99EC18B4-2B48-43DD-8DEE-5C5054087083}
		{F792ED98-4A24-4E50-B3E0-08DDBCFCFBCB} = {50E6D01F-EA87-4A0B-9A6C-82042EC5DDB8}
		{38185656-31EA-4BD5-BD9D-EF471CF0A128} = {E311C908-EE4E-4C95-BFE1-FE17AD5DE1C4}
		{06F759AB-C7EA-4E3B-90F3-74FBEBF034F2} = {1FF7DF85-C548-4F4B-BC28-166A713E3C05}
		{510223F2-CD91-492F-A249-C165223807A1} = {06F759AB-C7EA-4E3B-90F3-74FBEBF034F2}
		{AC3E1C57-C165-4C43-9FD1-EDAE95668B0C} = {510223F2-CD91-492F-A249-C165223807A1}
		{90062B38-8358-4ECE-9D41-7CB760C5D872} = {06F759AB-C7EA-4E3B-90F3-74FBEBF034F2}
		{4E6F7CA4-532B-400B-B069-B70B2DAC4957} = {1FF7DF85-C548-4F4B-BC28-166A713E3C05}
		{E311C908-EE4E-4C95-BFE1-FE17AD5DE1C4} = {4E6F7CA4-532B-400B-B069-B70B2DAC4957}
		{B7D307AD-2C1C-4A0A-9F42-5B8009CFA371} = {E311C908-EE4E-4C95-BFE1-FE17AD5DE1C4}
		{E736239D-BCEF-42E8-A3A7-2EE8CC316D2A} = {9E7045AD-7419-4979-BD10-4E031BE4285B}
		{52498A4B-4618-4D1B-B116-37E05A34363D} = {90062B38-8358-4ECE-9D41-7CB760C5D872}
		{99EC18B4-2B48-43DD-8DEE-5C5054087083} = {1FF7DF85-C548-4F4B-BC28-166A713E3C05}
		{50E6D01F-EA87-4A0B-9A6C-82042EC5DDB8} = {4E6F7CA4-532B-400B-B069-B70B2DAC4957}
		{EDA9A50E-CBF3-4A59-A5C0-3600002B0169} = {06F759AB-C7EA-4E3B-90F3-74FBEBF034F2}
	EndGlobalSection
	GlobalSection(ExtensibilityGlobals) = postSolution
		SolutionGuid = {FD5F90C0-DDCF-4684-9D2A-5022F9DE7DA6}
	EndGlobalSection
EndGlobal
