
Microsoft Visual Studio Solution File, Format Version 12.00
# Visual Studio Version 17
VisualStudioVersion = 17.7.34202.233
MinimumVisualStudioVersion = 10.0.40219.1
Project("{FAE04EC0-301F-11D3-BF4B-00C04F79EFBC}") = "ISTUTimeTable.API", "ISTUTimeTable\ISTUTimeTable.API.csproj", "{CBC8C56B-8003-41C8-B5FB-6882DCFA180C}"
EndProject
Project("{FAE04EC0-301F-11D3-BF4B-00C04F79EFBC}") = "ISTUTimeTable.Entitys", "ISTUTimeTable.Entitys\ISTUTimeTable.Entitys.csproj", "{85FF4477-8116-45E1-836D-C0452DD76EF9}"
EndProject
Global
	GlobalSection(SolutionConfigurationPlatforms) = preSolution
		Debug|Any CPU = Debug|Any CPU
		Release|Any CPU = Release|Any CPU
	EndGlobalSection
	GlobalSection(ProjectConfigurationPlatforms) = postSolution
		{CBC8C56B-8003-41C8-B5FB-6882DCFA180C}.Debug|Any CPU.ActiveCfg = Debug|Any CPU
		{CBC8C56B-8003-41C8-B5FB-6882DCFA180C}.Debug|Any CPU.Build.0 = Debug|Any CPU
		{CBC8C56B-8003-41C8-B5FB-6882DCFA180C}.Release|Any CPU.ActiveCfg = Release|Any CPU
		{CBC8C56B-8003-41C8-B5FB-6882DCFA180C}.Release|Any CPU.Build.0 = Release|Any CPU
		{85FF4477-8116-45E1-836D-C0452DD76EF9}.Debug|Any CPU.ActiveCfg = Debug|Any CPU
		{85FF4477-8116-45E1-836D-C0452DD76EF9}.Debug|Any CPU.Build.0 = Debug|Any CPU
		{85FF4477-8116-45E1-836D-C0452DD76EF9}.Release|Any CPU.ActiveCfg = Release|Any CPU
		{85FF4477-8116-45E1-836D-C0452DD76EF9}.Release|Any CPU.Build.0 = Release|Any CPU
	EndGlobalSection
	GlobalSection(SolutionProperties) = preSolution
		HideSolutionNode = FALSE
	EndGlobalSection
	GlobalSection(ExtensibilityGlobals) = postSolution
		SolutionGuid = {FD5F90C0-DDCF-4684-9D2A-5022F9DE7DA6}
	EndGlobalSection
EndGlobal
