
Microsoft Visual Studio Solution File, Format Version 12.00
# Visual Studio Version 17
VisualStudioVersion = 17.7.34202.233
MinimumVisualStudioVersion = 10.0.40219.1
Project("{FAE04EC0-301F-11D3-BF4B-00C04F79EFBC}") = "Domain", ".\Src\Core\Domain\Entitys\Domain.csproj", "{85FF4477-8116-45E1-836D-C0452DD76EF9}"
EndProject
Project("{FAE04EC0-301F-11D3-BF4B-00C04F79EFBC}") = "API", ".\Src\View\API\API.csproj", "{7DDE7A6A-0A5B-4620-B63D-1C5D3F4CD578}"
EndProject
Project("{FAE04EC0-301F-11D3-BF4B-00C04F79EFBC}") = "DAL", ".\Src\Infrastrictire\Persistence\DataAcsesLayer\DAL.csproj", "{F792ED98-4A24-4E50-B3E0-08DDBCFCFBCB}"
EndProject
Project("{FAE04EC0-301F-11D3-BF4B-00C04F79EFBC}") = "GraphQl", ".\Src\Infrastrictire\Infrastructure\GraphQl\GraphQl.csproj", "{38185656-31EA-4BD5-BD9D-EF471CF0A128}"
EndProject
Project("{2150E333-8FDC-42A3-9474-1A3956D46DE8}") = "Src", "Src", "{1FF7DF85-C548-4F4B-BC28-166A713E3C05}"
EndProject
Project("{2150E333-8FDC-42A3-9474-1A3956D46DE8}") = "Core", "Core", "{06F759AB-C7EA-4E3B-90F3-74FBEBF034F2}"
EndProject
Project("{2150E333-8FDC-42A3-9474-1A3956D46DE8}") = "App", "App", "{510223F2-CD91-492F-A249-C165223807A1}"
EndProject
Project("{FAE04EC0-301F-11D3-BF4B-00C04F79EFBC}") = "App", "Src\Core\App\App.csproj", "{AC3E1C57-C165-4C43-9FD1-EDAE95668B0C}"
EndProject
Project("{2150E333-8FDC-42A3-9474-1A3956D46DE8}") = "Common", "Common", "{90062B38-8358-4ECE-9D41-7CB760C5D872}"
EndProject
Project("{FAE04EC0-301F-11D3-BF4B-00C04F79EFBC}") = "Common", "Src\Core\Common\ISTUTImeTable.Common\Common.csproj", "{BBFBDDB5-EE3F-4D71-824B-2DDBFDF9307E}"
EndProject
Project("{2150E333-8FDC-42A3-9474-1A3956D46DE8}") = "Infrastrictire", "Infrastrictire", "{4E6F7CA4-532B-400B-B069-B70B2DAC4957}"
EndProject
Project("{2150E333-8FDC-42A3-9474-1A3956D46DE8}") = "Infrastructure", "Infrastructure", "{E311C908-EE4E-4C95-BFE1-FE17AD5DE1C4}"
EndProject
Project("{FAE04EC0-301F-11D3-BF4B-00C04F79EFBC}") = "Authorise", "Src\Infrastrictire\Infrastructure\Authorise\Authorise.csproj", "{B7D307AD-2C1C-4A0A-9F42-5B8009CFA371}"
EndProject
Project("{2150E333-8FDC-42A3-9474-1A3956D46DE8}") = "ISTUTimeTable.TokensTests", "Tests/TokensTests/ISTUTimeTable.TokensTests.csproj", "{9E7045AD-7419-4979-BD10-4E031BE4285B}"
EndProject
Project("{FAE04EC0-301F-11D3-BF4B-00C04F79EFBC}") = "ApiTests", "Tests\ApiTests\ApiTests.csproj", "{E736239D-BCEF-42E8-A3A7-2EE8CC316D2A}"
EndProject
Global
	GlobalSection(SolutionConfigurationPlatforms) = preSolution
		Debug|Any CPU = Debug|Any CPU
		Release|Any CPU = Release|Any CPU
	EndGlobalSection
	GlobalSection(ProjectConfigurationPlatforms) = postSolution
		{CBC8C56B-8003-41C8-B5FB-6882DCFA180C}.Debug|Any CPU.ActiveCfg = Debug|Any CPU
		{CBC8C56B-8003-41C8-B5FB-6882DCFA180C}.Debug|Any CPU.Build.0 = Debug|Any CPU
		{CBC8C56B-8003-41C8-B5FB-6882DCFA180C}.Release|Any CPU.ActiveCfg = Release|Any CPU
		{CBC8C56B-8003-41C8-B5FB-6882DCFA180C}.Release|Any CPU.Build.0 = Release|Any CPU
		{85FF4477-8116-45E1-836D-C0452DD76EF9}.Debug|Any CPU.ActiveCfg = Debug|Any CPU
		{85FF4477-8116-45E1-836D-C0452DD76EF9}.Debug|Any CPU.Build.0 = Debug|Any CPU
		{85FF4477-8116-45E1-836D-C0452DD76EF9}.Release|Any CPU.ActiveCfg = Release|Any CPU
		{85FF4477-8116-45E1-836D-C0452DD76EF9}.Release|Any CPU.Build.0 = Release|Any CPU
		{02B8CF7E-47BB-419C-8CA5-FE4F43E11E8C}.Debug|Any CPU.ActiveCfg = Debug|Any CPU
		{02B8CF7E-47BB-419C-8CA5-FE4F43E11E8C}.Debug|Any CPU.Build.0 = Debug|Any CPU
		{02B8CF7E-47BB-419C-8CA5-FE4F43E11E8C}.Release|Any CPU.ActiveCfg = Release|Any CPU
		{02B8CF7E-47BB-419C-8CA5-FE4F43E11E8C}.Release|Any CPU.Build.0 = Release|Any CPU
		{7DDE7A6A-0A5B-4620-B63D-1C5D3F4CD578}.Debug|Any CPU.ActiveCfg = Debug|Any CPU
		{7DDE7A6A-0A5B-4620-B63D-1C5D3F4CD578}.Debug|Any CPU.Build.0 = Debug|Any CPU
		{7DDE7A6A-0A5B-4620-B63D-1C5D3F4CD578}.Release|Any CPU.ActiveCfg = Release|Any CPU
		{7DDE7A6A-0A5B-4620-B63D-1C5D3F4CD578}.Release|Any CPU.Build.0 = Release|Any CPU
		{4DAF8115-976D-4C8F-913F-3BB820CAAAFE}.Debug|Any CPU.ActiveCfg = Debug|Any CPU
		{4DAF8115-976D-4C8F-913F-3BB820CAAAFE}.Debug|Any CPU.Build.0 = Debug|Any CPU
		{4DAF8115-976D-4C8F-913F-3BB820CAAAFE}.Release|Any CPU.ActiveCfg = Release|Any CPU
		{4DAF8115-976D-4C8F-913F-3BB820CAAAFE}.Release|Any CPU.Build.0 = Release|Any CPU
		{F792ED98-4A24-4E50-B3E0-08DDBCFCFBCB}.Debug|Any CPU.ActiveCfg = Debug|Any CPU
		{F792ED98-4A24-4E50-B3E0-08DDBCFCFBCB}.Debug|Any CPU.Build.0 = Debug|Any CPU
		{F792ED98-4A24-4E50-B3E0-08DDBCFCFBCB}.Release|Any CPU.ActiveCfg = Release|Any CPU
		{F792ED98-4A24-4E50-B3E0-08DDBCFCFBCB}.Release|Any CPU.Build.0 = Release|Any CPU
		{A5AF6CB2-4257-407A-9D25-F2585B8DF108}.Debug|Any CPU.ActiveCfg = Debug|Any CPU
		{A5AF6CB2-4257-407A-9D25-F2585B8DF108}.Debug|Any CPU.Build.0 = Debug|Any CPU
		{A5AF6CB2-4257-407A-9D25-F2585B8DF108}.Release|Any CPU.ActiveCfg = Release|Any CPU
		{A5AF6CB2-4257-407A-9D25-F2585B8DF108}.Release|Any CPU.Build.0 = Release|Any CPU
		{38185656-31EA-4BD5-BD9D-EF471CF0A128}.Debug|Any CPU.ActiveCfg = Debug|Any CPU
		{38185656-31EA-4BD5-BD9D-EF471CF0A128}.Debug|Any CPU.Build.0 = Debug|Any CPU
		{38185656-31EA-4BD5-BD9D-EF471CF0A128}.Release|Any CPU.ActiveCfg = Release|Any CPU
		{38185656-31EA-4BD5-BD9D-EF471CF0A128}.Release|Any CPU.Build.0 = Release|Any CPU
		{AC3E1C57-C165-4C43-9FD1-EDAE95668B0C}.Debug|Any CPU.ActiveCfg = Debug|Any CPU
		{AC3E1C57-C165-4C43-9FD1-EDAE95668B0C}.Debug|Any CPU.Build.0 = Debug|Any CPU
		{AC3E1C57-C165-4C43-9FD1-EDAE95668B0C}.Release|Any CPU.ActiveCfg = Release|Any CPU
		{AC3E1C57-C165-4C43-9FD1-EDAE95668B0C}.Release|Any CPU.Build.0 = Release|Any CPU
		{BBFBDDB5-EE3F-4D71-824B-2DDBFDF9307E}.Debug|Any CPU.ActiveCfg = Debug|Any CPU
		{BBFBDDB5-EE3F-4D71-824B-2DDBFDF9307E}.Debug|Any CPU.Build.0 = Debug|Any CPU
		{BBFBDDB5-EE3F-4D71-824B-2DDBFDF9307E}.Release|Any CPU.ActiveCfg = Release|Any CPU
		{BBFBDDB5-EE3F-4D71-824B-2DDBFDF9307E}.Release|Any CPU.Build.0 = Release|Any CPU
		{B7D307AD-2C1C-4A0A-9F42-5B8009CFA371}.Debug|Any CPU.ActiveCfg = Debug|Any CPU
		{B7D307AD-2C1C-4A0A-9F42-5B8009CFA371}.Debug|Any CPU.Build.0 = Debug|Any CPU
		{B7D307AD-2C1C-4A0A-9F42-5B8009CFA371}.Release|Any CPU.ActiveCfg = Release|Any CPU
		{B7D307AD-2C1C-4A0A-9F42-5B8009CFA371}.Release|Any CPU.Build.0 = Release|Any CPU
		{E736239D-BCEF-42E8-A3A7-2EE8CC316D2A}.Debug|Any CPU.ActiveCfg = Debug|Any CPU
		{E736239D-BCEF-42E8-A3A7-2EE8CC316D2A}.Debug|Any CPU.Build.0 = Debug|Any CPU
		{E736239D-BCEF-42E8-A3A7-2EE8CC316D2A}.Release|Any CPU.ActiveCfg = Release|Any CPU
		{E736239D-BCEF-42E8-A3A7-2EE8CC316D2A}.Release|Any CPU.Build.0 = Release|Any CPU
	EndGlobalSection
	GlobalSection(SolutionProperties) = preSolution
		HideSolutionNode = FALSE
	EndGlobalSection
	GlobalSection(ExtensibilityGlobals) = postSolution
		SolutionGuid = {FD5F90C0-DDCF-4684-9D2A-5022F9DE7DA6}
	EndGlobalSection
	GlobalSection(NestedProjects) = preSolution
		{06F759AB-C7EA-4E3B-90F3-74FBEBF034F2} = {1FF7DF85-C548-4F4B-BC28-166A713E3C05}
		{510223F2-CD91-492F-A249-C165223807A1} = {06F759AB-C7EA-4E3B-90F3-74FBEBF034F2}
		{AC3E1C57-C165-4C43-9FD1-EDAE95668B0C} = {510223F2-CD91-492F-A249-C165223807A1}
		{90062B38-8358-4ECE-9D41-7CB760C5D872} = {06F759AB-C7EA-4E3B-90F3-74FBEBF034F2}
		{BBFBDDB5-EE3F-4D71-824B-2DDBFDF9307E} = {90062B38-8358-4ECE-9D41-7CB760C5D872}
		{4E6F7CA4-532B-400B-B069-B70B2DAC4957} = {1FF7DF85-C548-4F4B-BC28-166A713E3C05}
		{E311C908-EE4E-4C95-BFE1-FE17AD5DE1C4} = {4E6F7CA4-532B-400B-B069-B70B2DAC4957}
		{B7D307AD-2C1C-4A0A-9F42-5B8009CFA371} = {E311C908-EE4E-4C95-BFE1-FE17AD5DE1C4}
		{E736239D-BCEF-42E8-A3A7-2EE8CC316D2A} = {9E7045AD-7419-4979-BD10-4E031BE4285B}
	EndGlobalSection
EndGlobal
